
Microsoft Visual Studio Solution File, Format Version 12.00
# Visual Studio Version 16
VisualStudioVersion = 16.0.29728.190
MinimumVisualStudioVersion = 10.0.40219.1
Project("{FAE04EC0-301F-11D3-BF4B-00C04F79EFBC}") = "pMedian", "pMedian.csproj", "{EFD8B03C-1A3A-4C69-9ECE-599D58BD6C96}"
EndProject
Global
	GlobalSection(SolutionConfigurationPlatforms) = preSolution
		Debug|Any CPU = Debug|Any CPU
		Release|Any CPU = Release|Any CPU
	EndGlobalSection
	GlobalSection(ProjectConfigurationPlatforms) = postSolution
		{EFD8B03C-1A3A-4C69-9ECE-599D58BD6C96}.Debug|Any CPU.ActiveCfg = Debug|Any CPU
		{EFD8B03C-1A3A-4C69-9ECE-599D58BD6C96}.Debug|Any CPU.Build.0 = Debug|Any CPU
		{EFD8B03C-1A3A-4C69-9ECE-599D58BD6C96}.Release|Any CPU.ActiveCfg = Release|Any CPU
		{EFD8B03C-1A3A-4C69-9ECE-599D58BD6C96}.Release|Any CPU.Build.0 = Release|Any CPU
	EndGlobalSection
	GlobalSection(SolutionProperties) = preSolution
		HideSolutionNode = FALSE
	EndGlobalSection
	GlobalSection(ExtensibilityGlobals) = postSolution
		SolutionGuid = {507473D4-1AA2-49CE-B08A-C8DD78242694}
	EndGlobalSection
EndGlobal
